name: 🔧 Fix Terraform State Lock

on:
  workflow_dispatch:
    inputs:
      lock_id:
        description: 'Lock ID to remove (from the error message)'
        required: true
        type: string
      environment:
        description: 'Environment'
        required: true
        default: 'production'
        type: choice
        options:
          - production
          - staging

permissions:
  id-token: write
  contents: read

jobs:
  unlock:
    runs-on: ubuntu-latest
    env:
      TF_WORKING_DIR: "./infra"
    
    steps:
      - name: Checkout Code
        uses: actions/checkout@v4

      - name: Azure Login
        uses: azure/login@v1
        with:
          creds: ${{ secrets.AZURE_CREDENTIALS }}

      - name: Set Terraform Azure credentials
        run: |
          echo "ARM_CLIENT_ID=${{ fromJson(secrets.AZURE_CREDENTIALS).clientId }}" >> $GITHUB_ENV
          echo "ARM_CLIENT_SECRET=${{ fromJson(secrets.AZURE_CREDENTIALS).clientSecret }}" >> $GITHUB_ENV
          echo "ARM_SUBSCRIPTION_ID=${{ fromJson(secrets.AZURE_CREDENTIALS).subscriptionId }}" >> $GITHUB_ENV
          echo "ARM_TENANT_ID=${{ fromJson(secrets.AZURE_CREDENTIALS).tenantId }}" >> $GITHUB_ENV

      - name: Setup Terraform
        uses: hashicorp/setup-terraform@v3

      - name: 🔧 Read Backend Configuration
        id: backend-config
        run: |
          cd infra
          # Extract backend configuration from backend.tf
          RESOURCE_GROUP_BACKEND=$(grep -o 'resource_group_name *= *"[^"]*"' backend.tf | cut -d'"' -f2)
          STORAGE_ACCOUNT=$(grep -o 'storage_account_name *= *"[^"]*"' backend.tf | cut -d'"' -f2)
          CONTAINER_NAME=$(grep -o 'container_name *= *"[^"]*"' backend.tf | cut -d'"' -f2)
          
          echo "resource_group_backend=$RESOURCE_GROUP_BACKEND" >> $GITHUB_OUTPUT
          echo "storage_account=$STORAGE_ACCOUNT" >> $GITHUB_OUTPUT
          echo "container_name=$CONTAINER_NAME" >> $GITHUB_OUTPUT

      - name: Terraform Init
        working-directory: ${{ env.TF_WORKING_DIR }}
        run: |
          terraform init \
            -backend-config="resource_group_name=${{ steps.backend-config.outputs.resource_group_backend }}" \
            -backend-config="storage_account_name=${{ steps.backend-config.outputs.storage_account }}" \
            -backend-config="container_name=${{ steps.backend-config.outputs.container_name }}" \
            -backend-config="key=${{ inputs.environment }}.terraform.tfstate"

      - name: Force Unlock
        working-directory: ${{ env.TF_WORKING_DIR }}
        run: terraform force-unlock -force ${{ inputs.lock_id }}
